
Microsoft Visual Studio Solution File, Format Version 12.00
# Visual Studio Version 17
VisualStudioVersion = 17.2.32317.152
MinimumVisualStudioVersion = 10.0.40219.1
Project("{FAE04EC0-301F-11D3-BF4B-00C04F79EFBC}") = "LiteObject.App", "LiteObject.App\LiteObject.App.csproj", "{62B38ECB-B158-4B26-908D-8E1C97F004CC}"
EndProject
Project("{E53339B2-1760-4266-BCC7-CA923CBCF16C}") = "docker-compose", "docker-compose.dcproj", "{52B98845-AC82-4976-A29D-F9C07D97F24E}"
EndProject
Global
	GlobalSection(SolutionConfigurationPlatforms) = preSolution
		Debug|Any CPU = Debug|Any CPU
		Release|Any CPU = Release|Any CPU
	EndGlobalSection
	GlobalSection(ProjectConfigurationPlatforms) = postSolution
		{62B38ECB-B158-4B26-908D-8E1C97F004CC}.Debug|Any CPU.ActiveCfg = Debug|Any CPU
		{62B38ECB-B158-4B26-908D-8E1C97F004CC}.Debug|Any CPU.Build.0 = Debug|Any CPU
		{62B38ECB-B158-4B26-908D-8E1C97F004CC}.Release|Any CPU.ActiveCfg = Release|Any CPU
		{62B38ECB-B158-4B26-908D-8E1C97F004CC}.Release|Any CPU.Build.0 = Release|Any CPU
		{52B98845-AC82-4976-A29D-F9C07D97F24E}.Debug|Any CPU.ActiveCfg = Debug|Any CPU
		{52B98845-AC82-4976-A29D-F9C07D97F24E}.Debug|Any CPU.Build.0 = Debug|Any CPU
		{52B98845-AC82-4976-A29D-F9C07D97F24E}.Release|Any CPU.ActiveCfg = Release|Any CPU
		{52B98845-AC82-4976-A29D-F9C07D97F24E}.Release|Any CPU.Build.0 = Release|Any CPU
	EndGlobalSection
	GlobalSection(SolutionProperties) = preSolution
		HideSolutionNode = FALSE
	EndGlobalSection
	GlobalSection(ExtensibilityGlobals) = postSolution
		SolutionGuid = {5C61B21B-B953-4AAD-B294-BA95DBB41715}
	EndGlobalSection
EndGlobal
